
Microsoft Visual Studio Solution File, Format Version 12.00
# Visual Studio Version 16
VisualStudioVersion = 16.0.29519.87
MinimumVisualStudioVersion = 10.0.40219.1
Project("{FAE04EC0-301F-11D3-BF4B-00C04F79EFBC}") = "TwillioWhatsApp", "TwillioWhatsApp\TwillioWhatsApp.csproj", "{D07D5A1E-630A-4EE3-8D57-65C7BACDF871}"
EndProject
Global
	GlobalSection(SolutionConfigurationPlatforms) = preSolution
		Debug|Any CPU = Debug|Any CPU
		Release|Any CPU = Release|Any CPU
	EndGlobalSection
	GlobalSection(ProjectConfigurationPlatforms) = postSolution
		{D07D5A1E-630A-4EE3-8D57-65C7BACDF871}.Debug|Any CPU.ActiveCfg = Debug|Any CPU
		{D07D5A1E-630A-4EE3-8D57-65C7BACDF871}.Debug|Any CPU.Build.0 = Debug|Any CPU
		{D07D5A1E-630A-4EE3-8D57-65C7BACDF871}.Release|Any CPU.ActiveCfg = Release|Any CPU
		{D07D5A1E-630A-4EE3-8D57-65C7BACDF871}.Release|Any CPU.Build.0 = Release|Any CPU
	EndGlobalSection
	GlobalSection(SolutionProperties) = preSolution
		HideSolutionNode = FALSE
	EndGlobalSection
	GlobalSection(ExtensibilityGlobals) = postSolution
		SolutionGuid = {F071A72B-A9B4-43F1-8E94-81EDECF44620}
	EndGlobalSection
EndGlobal
